// !$*UTF8*$!
{
	archiveVersion = 1;
	classes = {
	};
	objectVersion = 50;
	objects = {

/* Begin PBXBuildFile section */
		F1E1D6362334CB910067DAFC /* AppDelegate.swift in Sources */ = {isa = PBXBuildFile; fileRef = F1E1D6352334CB910067DAFC /* AppDelegate.swift */; };
		F1E1D63A2334CB910067DAFC /* ViewController.swift in Sources */ = {isa = PBXBuildFile; fileRef = F1E1D6392334CB910067DAFC /* ViewController.swift */; };
		F1E1D63D2334CB910067DAFC /* Main.storyboard in Resources */ = {isa = PBXBuildFile; fileRef = F1E1D63B2334CB910067DAFC /* Main.storyboard */; };
		F1E1D63F2334CB930067DAFC /* Assets.xcassets in Resources */ = {isa = PBXBuildFile; fileRef = F1E1D63E2334CB930067DAFC /* Assets.xcassets */; };
		F1E1D6422334CB930067DAFC /* LaunchScreen.storyboard in Resources */ = {isa = PBXBuildFile; fileRef = F1E1D6402334CB930067DAFC /* LaunchScreen.storyboard */; };
		F1E1D65223355AFE0067DAFC /* DeepLab.mlmodel in Sources */ = {isa = PBXBuildFile; fileRef = F1E1D64F23355AFE0067DAFC /* DeepLab.mlmodel */; };
		F1E1D65323355AFE0067DAFC /* UIImage+CVPixelBuffer.swift in Sources */ = {isa = PBXBuildFile; fileRef = F1E1D65023355AFE0067DAFC /* UIImage+CVPixelBuffer.swift */; };
		F1E1D65423355AFE0067DAFC /* cat.jpg in Resources */ = {isa = PBXBuildFile; fileRef = F1E1D65123355AFE0067DAFC /* cat.jpg */; };
/* End PBXBuildFile section */

/* Begin PBXFileReference section */
		F1E1D6322334CB910067DAFC /* benchmark.app */ = {isa = PBXFileReference; explicitFileType = wrapper.application; includeInIndex = 0; path = benchmark.app; sourceTree = BUILT_PRODUCTS_DIR; };
		F1E1D6352334CB910067DAFC /* AppDelegate.swift */ = {isa = PBXFileReference; lastKnownFileType = sourcecode.swift; path = AppDelegate.swift; sourceTree = "<group>"; };
		F1E1D6392334CB910067DAFC /* ViewController.swift */ = {isa = PBXFileReference; lastKnownFileType = sourcecode.swift; path = ViewController.swift; sourceTree = "<group>"; };
		F1E1D63C2334CB910067DAFC /* Base */ = {isa = PBXFileReference; lastKnownFileType = file.storyboard; name = Base; path = Base.lproj/Main.storyboard; sourceTree = "<group>"; };
		F1E1D63E2334CB930067DAFC /* Assets.xcassets */ = {isa = PBXFileReference; lastKnownFileType = folder.assetcatalog; path = Assets.xcassets; sourceTree = "<group>"; };
		F1E1D6412334CB930067DAFC /* Base */ = {isa = PBXFileReference; lastKnownFileType = file.storyboard; name = Base; path = Base.lproj/LaunchScreen.storyboard; sourceTree = "<group>"; };
		F1E1D6432334CB930067DAFC /* Info.plist */ = {isa = PBXFileReference; lastKnownFileType = text.plist.xml; path = Info.plist; sourceTree = "<group>"; };
		F1E1D64F23355AFE0067DAFC /* DeepLab.mlmodel */ = {isa = PBXFileReference; lastKnownFileType = file.mlmodel; path = DeepLab.mlmodel; sourceTree = "<group>"; };
		F1E1D65023355AFE0067DAFC /* UIImage+CVPixelBuffer.swift */ = {isa = PBXFileReference; fileEncoding = 4; lastKnownFileType = sourcecode.swift; path = "UIImage+CVPixelBuffer.swift"; sourceTree = "<group>"; };
		F1E1D65123355AFE0067DAFC /* cat.jpg */ = {isa = PBXFileReference; lastKnownFileType = image.jpeg; path = cat.jpg; sourceTree = "<group>"; };
/* End PBXFileReference section */

/* Begin PBXFrameworksBuildPhase section */
		F1E1D62F2334CB910067DAFC /* Frameworks */ = {
			isa = PBXFrameworksBuildPhase;
			buildActionMask = 2147483647;
			files = (
			);
			runOnlyForDeploymentPostprocessing = 0;
		};
/* End PBXFrameworksBuildPhase section */

/* Begin PBXGroup section */
		F1E1D6292334CB910067DAFC = {
			isa = PBXGroup;
			children = (
				F1E1D6342334CB910067DAFC /* benchmark */,
				F1E1D6332334CB910067DAFC /* Products */,
			);
			sourceTree = "<group>";
		};
		F1E1D6332334CB910067DAFC /* Products */ = {
			isa = PBXGroup;
			children = (
				F1E1D6322334CB910067DAFC /* benchmark.app */,
			);
			name = Products;
			sourceTree = "<group>";
		};
		F1E1D6342334CB910067DAFC /* benchmark */ = {
			isa = PBXGroup;
			children = (
				F1E1D6352334CB910067DAFC /* AppDelegate.swift */,
				F1E1D6392334CB910067DAFC /* ViewController.swift */,
				F1E1D63B2334CB910067DAFC /* Main.storyboard */,
				F1E1D63E2334CB930067DAFC /* Assets.xcassets */,
				F1E1D6402334CB930067DAFC /* LaunchScreen.storyboard */,
				F1E1D6432334CB930067DAFC /* Info.plist */,
				F1E1D65123355AFE0067DAFC /* cat.jpg */,
				F1E1D64F23355AFE0067DAFC /* DeepLab.mlmodel */,
				F1E1D65023355AFE0067DAFC /* UIImage+CVPixelBuffer.swift */,
			);
			path = benchmark;
			sourceTree = "<group>";
		};
/* End PBXGroup section */

/* Begin PBXNativeTarget section */
		F1E1D6312334CB910067DAFC /* benchmark */ = {
			isa = PBXNativeTarget;
			buildConfigurationList = F1E1D6462334CB930067DAFC /* Build configuration list for PBXNativeTarget "benchmark" */;
			buildPhases = (
				F1E1D62E2334CB910067DAFC /* Sources */,
				F1E1D62F2334CB910067DAFC /* Frameworks */,
				F1E1D6302334CB910067DAFC /* Resources */,
			);
			buildRules = (
			);
			dependencies = (
			);
			name = benchmark;
			productName = benchmark;
			productReference = F1E1D6322334CB910067DAFC /* benchmark.app */;
			productType = "com.apple.product-type.application";
		};
/* End PBXNativeTarget section */

/* Begin PBXProject section */
		F1E1D62A2334CB910067DAFC /* Project object */ = {
			isa = PBXProject;
			attributes = {
				LastSwiftUpdateCheck = 1100;
				LastUpgradeCheck = 1100;
				ORGANIZATIONNAME = "Eliot Andres";
				TargetAttributes = {
					F1E1D6312334CB910067DAFC = {
						CreatedOnToolsVersion = 11.0;
					};
				};
			};
			buildConfigurationList = F1E1D62D2334CB910067DAFC /* Build configuration list for PBXProject "benchmark" */;
			compatibilityVersion = "Xcode 9.3";
			developmentRegion = en;
			hasScannedForEncodings = 0;
			knownRegions = (
				en,
				Base,
			);
			mainGroup = F1E1D6292334CB910067DAFC;
			productRefGroup = F1E1D6332334CB910067DAFC /* Products */;
			projectDirPath = "";
			projectRoot = "";
			targets = (
				F1E1D6312334CB910067DAFC /* benchmark */,
			);
		};
/* End PBXProject section */

/* Begin PBXResourcesBuildPhase section */
		F1E1D6302334CB910067DAFC /* Resources */ = {
			isa = PBXResourcesBuildPhase;
			buildActionMask = 2147483647;
			files = (
				F1E1D6422334CB930067DAFC /* LaunchScreen.storyboard in Resources */,
				F1E1D63F2334CB930067DAFC /* Assets.xcassets in Resources */,
				F1E1D65423355AFE0067DAFC /* cat.jpg in Resources */,
				F1E1D63D2334CB910067DAFC /* Main.storyboard in Resources */,
			);
			runOnlyForDeploymentPostprocessing = 0;
		};
/* End PBXResourcesBuildPhase section */

/* Begin PBXSourcesBuildPhase section */
		F1E1D62E2334CB910067DAFC /* Sources */ = {
			isa = PBXSourcesBuildPhase;
			buildActionMask = 2147483647;
			files = (
				F1E1D65223355AFE0067DAFC /* DeepLab.mlmodel in Sources */,
				F1E1D63A2334CB910067DAFC /* ViewController.swift in Sources */,
				F1E1D6362334CB910067DAFC /* AppDelegate.swift in Sources */,
				F1E1D65323355AFE0067DAFC /* UIImage+CVPixelBuffer.swift in Sources */,
			);
			runOnlyForDeploymentPostprocessing = 0;
		};
/* End PBXSourcesBuildPhase section */

/* Begin PBXVariantGroup section */
		F1E1D63B2334CB910067DAFC /* Main.storyboard */ = {
			isa = PBXVariantGroup;
			children = (
				F1E1D63C2334CB910067DAFC /* Base */,
			);
			name = Main.storyboard;
			sourceTree = "<group>";
		};
		F1E1D6402334CB930067DAFC /* LaunchScreen.storyboard */ = {
			isa = PBXVariantGroup;
			children = (
				F1E1D6412334CB930067DAFC /* Base */,
			);
			name = LaunchScreen.storyboard;
			sourceTree = "<group>";
		};
/* End PBXVariantGroup section */

/* Begin XCBuildConfiguration section */
		F1E1D6442334CB930067DAFC /* Debug */ = {
			isa = XCBuildConfiguration;
			buildSettings = {
				ALWAYS_SEARCH_USER_PATHS = NO;
				CLANG_ANALYZER_NONNULL = YES;
				CLANG_ANALYZER_NUMBER_OBJECT_CONVERSION = YES_AGGRESSIVE;
				CLANG_CXX_LANGUAGE_STANDARD = "gnu++14";
				CLANG_CXX_LIBRARY = "libc++";
				CLANG_ENABLE_MODULES = YES;
				CLANG_ENABLE_OBJC_ARC = YES;
				CLANG_ENABLE_OBJC_WEAK = YES;
				CLANG_WARN_BLOCK_CAPTURE_AUTORELEASING = YES;
				CLANG_WARN_BOOL_CONVERSION = YES;
				CLANG_WARN_COMMA = YES;
				CLANG_WARN_CONSTANT_CONVERSION = YES;
				CLANG_WARN_DEPRECATED_OBJC_IMPLEMENTATIONS = YES;
				CLANG_WARN_DIRECT_OBJC_ISA_USAGE = YES_ERROR;
				CLANG_WARN_DOCUMENTATION_COMMENTS = YES;
				CLANG_WARN_EMPTY_BODY = YES;
				CLANG_WARN_ENUM_CONVERSION = YES;
				CLANG_WARN_INFINITE_RECURSION = YES;
				CLANG_WARN_INT_CONVERSION = YES;
				CLANG_WARN_NON_LITERAL_NULL_CONVERSION = YES;
				CLANG_WARN_OBJC_IMPLICIT_RETAIN_SELF = YES;
				CLANG_WARN_OBJC_LITERAL_CONVERSION = YES;
				CLANG_WARN_OBJC_ROOT_CLASS = YES_ERROR;
				CLANG_WARN_RANGE_LOOP_ANALYSIS = YES;
				CLANG_WARN_STRICT_PROTOTYPES = YES;
				CLANG_WARN_SUSPICIOUS_MOVE = YES;
				CLANG_WARN_UNGUARDED_AVAILABILITY = YES_AGGRESSIVE;
				CLANG_WARN_UNREACHABLE_CODE = YES;
				CLANG_WARN__DUPLICATE_METHOD_MATCH = YES;
				COPY_PHASE_STRIP = NO;
				DEBUG_INFORMATION_FORMAT = dwarf;
				ENABLE_STRICT_OBJC_MSGSEND = YES;
				ENABLE_TESTABILITY = YES;
				GCC_C_LANGUAGE_STANDARD = gnu11;
				GCC_DYNAMIC_NO_PIC = NO;
				GCC_NO_COMMON_BLOCKS = YES;
				GCC_OPTIMIZATION_LEVEL = 0;
				GCC_PREPROCESSOR_DEFINITIONS = (
					"DEBUG=1",
					"$(inherited)",
				);
				GCC_WARN_64_TO_32_BIT_CONVERSION = YES;
				GCC_WARN_ABOUT_RETURN_TYPE = YES_ERROR;
				GCC_WARN_UNDECLARED_SELECTOR = YES;
				GCC_WARN_UNINITIALIZED_AUTOS = YES_AGGRESSIVE;
				GCC_WARN_UNUSED_FUNCTION = YES;
				GCC_WARN_UNUSED_VARIABLE = YES;
				IPHONEOS_DEPLOYMENT_TARGET = 13.0;
				MTL_ENABLE_DEBUG_INFO = INCLUDE_SOURCE;
				MTL_FAST_MATH = YES;
				ONLY_ACTIVE_ARCH = YES;
				SDKROOT = iphoneos;
				SWIFT_ACTIVE_COMPILATION_CONDITIONS = DEBUG;
				SWIFT_OPTIMIZATION_LEVEL = "-Onone";
			};
			name = Debug;
		};
		F1E1D6452334CB930067DAFC /* Release */ = {
			isa = XCBuildConfiguration;
			buildSettings = {
				ALWAYS_SEARCH_USER_PATHS = NO;
				CLANG_ANALYZER_NONNULL = YES;
				CLANG_ANALYZER_NUMBER_OBJECT_CONVERSION = YES_AGGRESSIVE;
				CLANG_CXX_LANGUAGE_STANDARD = "gnu++14";
				CLANG_CXX_LIBRARY = "libc++";
				CLANG_ENABLE_MODULES = YES;
				CLANG_ENABLE_OBJC_ARC = YES;
				CLANG_ENABLE_OBJC_WEAK = YES;
				CLANG_WARN_BLOCK_CAPTURE_AUTORELEASING = YES;
				CLANG_WARN_BOOL_CONVERSION = YES;
				CLANG_WARN_COMMA = YES;
				CLANG_WARN_CONSTANT_CONVERSION = YES;
				CLANG_WARN_DEPRECATED_OBJC_IMPLEMENTATIONS = YES;
				CLANG_WARN_DIRECT_OBJC_ISA_USAGE = YES_ERROR;
				CLANG_WARN_DOCUMENTATION_COMMENTS = YES;
				CLANG_WARN_EMPTY_BODY = YES;
				CLANG_WARN_ENUM_CONVERSION = YES;
				CLANG_WARN_INFINITE_RECURSION = YES;
				CLANG_WARN_INT_CONVERSION = YES;
				CLANG_WARN_NON_LITERAL_NULL_CONVERSION = YES;
				CLANG_WARN_OBJC_IMPLICIT_RETAIN_SELF = YES;
				CLANG_WARN_OBJC_LITERAL_CONVERSION = YES;
				CLANG_WARN_OBJC_ROOT_CLASS = YES_ERROR;
				CLANG_WARN_RANGE_LOOP_ANALYSIS = YES;
				CLANG_WARN_STRICT_PROTOTYPES = YES;
				CLANG_WARN_SUSPICIOUS_MOVE = YES;
				CLANG_WARN_UNGUARDED_AVAILABILITY = YES_AGGRESSIVE;
				CLANG_WARN_UNREACHABLE_CODE = YES;
				CLANG_WARN__DUPLICATE_METHOD_MATCH = YES;
				COPY_PHASE_STRIP = NO;
				DEBUG_INFORMATION_FORMAT = "dwarf-with-dsym";
				ENABLE_NS_ASSERTIONS = NO;
				ENABLE_STRICT_OBJC_MSGSEND = YES;
				GCC_C_LANGUAGE_STANDARD = gnu11;
				GCC_NO_COMMON_BLOCKS = YES;
				GCC_WARN_64_TO_32_BIT_CONVERSION = YES;
				GCC_WARN_ABOUT_RETURN_TYPE = YES_ERROR;
				GCC_WARN_UNDECLARED_SELECTOR = YES;
				GCC_WARN_UNINITIALIZED_AUTOS = YES_AGGRESSIVE;
				GCC_WARN_UNUSED_FUNCTION = YES;
				GCC_WARN_UNUSED_VARIABLE = YES;
				IPHONEOS_DEPLOYMENT_TARGET = 13.0;
				MTL_ENABLE_DEBUG_INFO = NO;
				MTL_FAST_MATH = YES;
				SDKROOT = iphoneos;
				SWIFT_COMPILATION_MODE = wholemodule;
				SWIFT_OPTIMIZATION_LEVEL = "-O";
				VALIDATE_PRODUCT = YES;
			};
			name = Release;
		};
		F1E1D6472334CB930067DAFC /* Debug */ = {
			isa = XCBuildConfiguration;
			buildSettings = {
				ASSETCATALOG_COMPILER_APPICON_NAME = AppIcon;
				CODE_SIGN_STYLE = Automatic;
				INFOPLIST_FILE = benchmark/Info.plist;
				IPHONEOS_DEPLOYMENT_TARGET = 12.0;
				LD_RUNPATH_SEARCH_PATHS = (
					"$(inherited)",
					"@executable_path/Frameworks",
				);
				PRODUCT_BUNDLE_IDENTIFIER = ai.artizans.benchmark;
				PRODUCT_NAME = "$(TARGET_NAME)";
				SWIFT_VERSION = 5.0;
				TARGETED_DEVICE_FAMILY = "1,2";
			};
			name = Debug;
		};
		F1E1D6482334CB930067DAFC /* Release */ = {
			isa = XCBuildConfiguration;
			buildSettings = {
				ASSETCATALOG_COMPILER_APPICON_NAME = AppIcon;
				CODE_SIGN_STYLE = Automatic;
				INFOPLIST_FILE = benchmark/Info.plist;
				IPHONEOS_DEPLOYMENT_TARGET = 12.0;
				LD_RUNPATH_SEARCH_PATHS = (
					"$(inherited)",
					"@executable_path/Frameworks",
				);
				PRODUCT_BUNDLE_IDENTIFIER = ai.artizans.benchmark;
				PRODUCT_NAME = "$(TARGET_NAME)";
				SWIFT_VERSION = 5.0;
				TARGETED_DEVICE_FAMILY = "1,2";
			};
			name = Release;
		};
/* End XCBuildConfiguration section */

/* Begin XCConfigurationList section */
		F1E1D62D2334CB910067DAFC /* Build configuration list for PBXProject "benchmark" */ = {
			isa = XCConfigurationList;
			buildConfigurations = (
				F1E1D6442334CB930067DAFC /* Debug */,
				F1E1D6452334CB930067DAFC /* Release */,
			);
			defaultConfigurationIsVisible = 0;
			defaultConfigurationName = Release;
		};
		F1E1D6462334CB930067DAFC /* Build configuration list for PBXNativeTarget "benchmark" */ = {
			isa = XCConfigurationList;
			buildConfigurations = (
				F1E1D6472334CB930067DAFC /* Debug */,
				F1E1D6482334CB930067DAFC /* Release */,
			);
			defaultConfigurationIsVisible = 0;
			defaultConfigurationName = Release;
		};
/* End XCConfigurationList section */
	};
	rootObject = F1E1D62A2334CB910067DAFC /* Project object */;
}
